// !$*UTF8*$!
{
	archiveVersion = 1;
	classes = {
	};
	objectVersion = 48;
	objects = {

/* Begin PBXBuildFile section */
		0713D7261F4B2CCB00591999 /* Angle.swift in Sources */ = {isa = PBXBuildFile; fileRef = 0713D7251F4B2CCA00591999 /* Angle.swift */; };
		0713D7281F4BF4E900591999 /* Weak.swift in Sources */ = {isa = PBXBuildFile; fileRef = 0713D7271F4BF4E800591999 /* Weak.swift */; };
		072343C01F8DEA6400E600DB /* CacheManager.swift in Sources */ = {isa = PBXBuildFile; fileRef = 072343BF1F8DEA6400E600DB /* CacheManager.swift */; };
		072343C31F8DECA400E600DB /* Point.swift in Sources */ = {isa = PBXBuildFile; fileRef = 072343C21F8DECA400E600DB /* Point.swift */; };
		072406C21E7ECEF000A1AC3F /* FFFoundation.h in Headers */ = {isa = PBXBuildFile; fileRef = 072406BB1E7ECE6500A1AC3F /* FFFoundation.h */; settings = {ATTRIBUTES = (Public, ); }; };
		073525D41F46D53A009CC477 /* Triangle.swift in Sources */ = {isa = PBXBuildFile; fileRef = 073525D31F46D53A009CC477 /* Triangle.swift */; };
		073525D61F46D58E009CC477 /* Triangulatable.swift in Sources */ = {isa = PBXBuildFile; fileRef = 073525D51F46D58E009CC477 /* Triangulatable.swift */; };
		073525DD1F470E86009CC477 /* TriangleTests.swift in Sources */ = {isa = PBXBuildFile; fileRef = 073525DB1F470E77009CC477 /* TriangleTests.swift */; };
		07520EF51F8B530800D5FBF7 /* Ref.swift in Sources */ = {isa = PBXBuildFile; fileRef = 07520EF41F8B530800D5FBF7 /* Ref.swift */; };
		07810DDB1F8513C900F21AE0 /* Diff.swift in Sources */ = {isa = PBXBuildFile; fileRef = 07810DDA1F8513C900F21AE0 /* Diff.swift */; };
		07820C8C1F85FB2200897C00 /* DiffTests.swift in Sources */ = {isa = PBXBuildFile; fileRef = 07820C8A1F85FA4200897C00 /* DiffTests.swift */; };
		07B151F71F8B489E00D1C089 /* Atomic.swift in Sources */ = {isa = PBXBuildFile; fileRef = 07B151F61F8B489E00D1C089 /* Atomic.swift */; };
		OBJ_43 /* AppGroup.swift in Sources */ = {isa = PBXBuildFile; fileRef = OBJ_9 /* AppGroup.swift */; };
		OBJ_44 /* Application+NameAndVersion.swift in Sources */ = {isa = PBXBuildFile; fileRef = OBJ_10 /* Application+NameAndVersion.swift */; };
		OBJ_46 /* DictionaryExtensions.swift in Sources */ = {isa = PBXBuildFile; fileRef = OBJ_12 /* DictionaryExtensions.swift */; };
		OBJ_47 /* DispatchHelpers.swift in Sources */ = {isa = PBXBuildFile; fileRef = OBJ_13 /* DispatchHelpers.swift */; };
		OBJ_48 /* FileManager+Directories.swift in Sources */ = {isa = PBXBuildFile; fileRef = OBJ_14 /* FileManager+Directories.swift */; };
		OBJ_49 /* String+Classes.swift in Sources */ = {isa = PBXBuildFile; fileRef = OBJ_15 /* String+Classes.swift */; };
		OBJ_53 /* Lazy.swift in Sources */ = {isa = PBXBuildFile; fileRef = OBJ_19 /* Lazy.swift */; };
		OBJ_54 /* Locale+LanguageRegion.swift in Sources */ = {isa = PBXBuildFile; fileRef = OBJ_20 /* Locale+LanguageRegion.swift */; };
		OBJ_55 /* NotificationObserver.swift in Sources */ = {isa = PBXBuildFile; fileRef = OBJ_21 /* NotificationObserver.swift */; };
		OBJ_56 /* NSAttributedStringExtensions.swift in Sources */ = {isa = PBXBuildFile; fileRef = OBJ_22 /* NSAttributedStringExtensions.swift */; };
		OBJ_57 /* NSLayoutConstraint+FFAdditions.swift in Sources */ = {isa = PBXBuildFile; fileRef = OBJ_23 /* NSLayoutConstraint+FFAdditions.swift */; };
		OBJ_58 /* OperationQueue+FFAdditions.swift in Sources */ = {isa = PBXBuildFile; fileRef = OBJ_24 /* OperationQueue+FFAdditions.swift */; };
		OBJ_59 /* SequenceExtensions.swift in Sources */ = {isa = PBXBuildFile; fileRef = OBJ_25 /* SequenceExtensions.swift */; };
		OBJ_60 /* StringExtensions.swift in Sources */ = {isa = PBXBuildFile; fileRef = OBJ_26 /* StringExtensions.swift */; };
		OBJ_61 /* Timer.swift in Sources */ = {isa = PBXBuildFile; fileRef = OBJ_27 /* Timer.swift */; };
		OBJ_62 /* Togglable.swift in Sources */ = {isa = PBXBuildFile; fileRef = OBJ_28 /* Togglable.swift */; };
		OBJ_69 /* FFFoundationTests.swift in Sources */ = {isa = PBXBuildFile; fileRef = OBJ_31 /* FFFoundationTests.swift */; };
		OBJ_70 /* TimerTests.swift in Sources */ = {isa = PBXBuildFile; fileRef = OBJ_32 /* TimerTests.swift */; };
		OBJ_72 /* FFFoundation.framework in Frameworks */ = {isa = PBXBuildFile; fileRef = OBJ_36 /* FFFoundation.framework */; };
/* End PBXBuildFile section */

/* Begin PBXContainerItemProxy section */
		072406B71E7ECDD500A1AC3F /* PBXContainerItemProxy */ = {
			isa = PBXContainerItemProxy;
			containerPortal = OBJ_1 /* Project object */;
			proxyType = 1;
			remoteGlobalIDString = OBJ_38;
			remoteInfo = FFFoundation;
		};
/* End PBXContainerItemProxy section */

/* Begin PBXFileReference section */
		0713D7251F4B2CCA00591999 /* Angle.swift */ = {isa = PBXFileReference; lastKnownFileType = sourcecode.swift; path = Angle.swift; sourceTree = "<group>"; };
		0713D7271F4BF4E800591999 /* Weak.swift */ = {isa = PBXFileReference; lastKnownFileType = sourcecode.swift; path = Weak.swift; sourceTree = "<group>"; };
		072343BF1F8DEA6400E600DB /* CacheManager.swift */ = {isa = PBXFileReference; lastKnownFileType = sourcecode.swift; path = CacheManager.swift; sourceTree = "<group>"; };
		072343C21F8DECA400E600DB /* Point.swift */ = {isa = PBXFileReference; lastKnownFileType = sourcecode.swift; path = Point.swift; sourceTree = "<group>"; };
		072406BB1E7ECE6500A1AC3F /* FFFoundation.h */ = {isa = PBXFileReference; fileEncoding = 4; lastKnownFileType = sourcecode.c.h; path = FFFoundation.h; sourceTree = "<group>"; };
		073525D31F46D53A009CC477 /* Triangle.swift */ = {isa = PBXFileReference; fileEncoding = 4; lastKnownFileType = sourcecode.swift; path = Triangle.swift; sourceTree = "<group>"; };
		073525D51F46D58E009CC477 /* Triangulatable.swift */ = {isa = PBXFileReference; fileEncoding = 4; lastKnownFileType = sourcecode.swift; path = Triangulatable.swift; sourceTree = "<group>"; };
		073525DB1F470E77009CC477 /* TriangleTests.swift */ = {isa = PBXFileReference; fileEncoding = 4; lastKnownFileType = sourcecode.swift; path = TriangleTests.swift; sourceTree = "<group>"; };
		07520EF41F8B530800D5FBF7 /* Ref.swift */ = {isa = PBXFileReference; lastKnownFileType = sourcecode.swift; path = Ref.swift; sourceTree = "<group>"; };
		07810DDA1F8513C900F21AE0 /* Diff.swift */ = {isa = PBXFileReference; lastKnownFileType = sourcecode.swift; path = Diff.swift; sourceTree = "<group>"; };
		07820C8A1F85FA4200897C00 /* DiffTests.swift */ = {isa = PBXFileReference; lastKnownFileType = sourcecode.swift; path = DiffTests.swift; sourceTree = "<group>"; };
		07B151F41F8B467E00D1C089 /* AttributedString.swift */ = {isa = PBXFileReference; lastKnownFileType = sourcecode.swift; path = AttributedString.swift; sourceTree = "<group>"; };
		07B151F61F8B489E00D1C089 /* Atomic.swift */ = {isa = PBXFileReference; lastKnownFileType = sourcecode.swift; path = Atomic.swift; sourceTree = "<group>"; };
		OBJ_10 /* Application+NameAndVersion.swift */ = {isa = PBXFileReference; lastKnownFileType = sourcecode.swift; path = "Application+NameAndVersion.swift"; sourceTree = "<group>"; };
		OBJ_12 /* DictionaryExtensions.swift */ = {isa = PBXFileReference; lastKnownFileType = sourcecode.swift; path = DictionaryExtensions.swift; sourceTree = "<group>"; };
		OBJ_13 /* DispatchHelpers.swift */ = {isa = PBXFileReference; lastKnownFileType = sourcecode.swift; path = DispatchHelpers.swift; sourceTree = "<group>"; };
		OBJ_14 /* FileManager+Directories.swift */ = {isa = PBXFileReference; lastKnownFileType = sourcecode.swift; path = "FileManager+Directories.swift"; sourceTree = "<group>"; };
		OBJ_15 /* String+Classes.swift */ = {isa = PBXFileReference; lastKnownFileType = sourcecode.swift; path = "String+Classes.swift"; sourceTree = "<group>"; };
		OBJ_19 /* Lazy.swift */ = {isa = PBXFileReference; lastKnownFileType = sourcecode.swift; path = Lazy.swift; sourceTree = "<group>"; };
		OBJ_20 /* Locale+LanguageRegion.swift */ = {isa = PBXFileReference; lastKnownFileType = sourcecode.swift; path = "Locale+LanguageRegion.swift"; sourceTree = "<group>"; };
		OBJ_21 /* NotificationObserver.swift */ = {isa = PBXFileReference; lastKnownFileType = sourcecode.swift; path = NotificationObserver.swift; sourceTree = "<group>"; };
		OBJ_22 /* NSAttributedStringExtensions.swift */ = {isa = PBXFileReference; lastKnownFileType = sourcecode.swift; path = NSAttributedStringExtensions.swift; sourceTree = "<group>"; };
		OBJ_23 /* NSLayoutConstraint+FFAdditions.swift */ = {isa = PBXFileReference; lastKnownFileType = sourcecode.swift; path = "NSLayoutConstraint+FFAdditions.swift"; sourceTree = "<group>"; };
		OBJ_24 /* OperationQueue+FFAdditions.swift */ = {isa = PBXFileReference; lastKnownFileType = sourcecode.swift; path = "OperationQueue+FFAdditions.swift"; sourceTree = "<group>"; };
		OBJ_25 /* SequenceExtensions.swift */ = {isa = PBXFileReference; lastKnownFileType = sourcecode.swift; path = SequenceExtensions.swift; sourceTree = "<group>"; };
		OBJ_26 /* StringExtensions.swift */ = {isa = PBXFileReference; lastKnownFileType = sourcecode.swift; path = StringExtensions.swift; sourceTree = "<group>"; };
		OBJ_27 /* Timer.swift */ = {isa = PBXFileReference; lastKnownFileType = sourcecode.swift; path = Timer.swift; sourceTree = "<group>"; };
		OBJ_28 /* Togglable.swift */ = {isa = PBXFileReference; lastKnownFileType = sourcecode.swift; path = Togglable.swift; sourceTree = "<group>"; };
		OBJ_31 /* FFFoundationTests.swift */ = {isa = PBXFileReference; lastKnownFileType = sourcecode.swift; path = FFFoundationTests.swift; sourceTree = "<group>"; };
		OBJ_32 /* TimerTests.swift */ = {isa = PBXFileReference; lastKnownFileType = sourcecode.swift; path = TimerTests.swift; sourceTree = "<group>"; };
		OBJ_36 /* FFFoundation.framework */ = {isa = PBXFileReference; explicitFileType = wrapper.framework; path = FFFoundation.framework; sourceTree = BUILT_PRODUCTS_DIR; };
		OBJ_37 /* FFFoundationTests.xctest */ = {isa = PBXFileReference; explicitFileType = wrapper.cfbundle; path = FFFoundationTests.xctest; sourceTree = BUILT_PRODUCTS_DIR; };
		OBJ_6 /* Package.swift */ = {isa = PBXFileReference; explicitFileType = sourcecode.swift; path = Package.swift; sourceTree = "<group>"; };
		OBJ_9 /* AppGroup.swift */ = {isa = PBXFileReference; lastKnownFileType = sourcecode.swift; path = AppGroup.swift; sourceTree = "<group>"; };
/* End PBXFileReference section */

/* Begin PBXFrameworksBuildPhase section */
		OBJ_63 /* Frameworks */ = {
			isa = PBXFrameworksBuildPhase;
			buildActionMask = 0;
			files = (
			);
			runOnlyForDeploymentPostprocessing = 0;
		};
		OBJ_71 /* Frameworks */ = {
			isa = PBXFrameworksBuildPhase;
			buildActionMask = 0;
			files = (
				OBJ_72 /* FFFoundation.framework in Frameworks */,
			);
			runOnlyForDeploymentPostprocessing = 0;
		};
/* End PBXFrameworksBuildPhase section */

/* Begin PBXGroup section */
		072343C11F8DEAA500E600DB /* Extensions */ = {
			isa = PBXGroup;
			children = (
				OBJ_10 /* Application+NameAndVersion.swift */,
				OBJ_12 /* DictionaryExtensions.swift */,
				OBJ_14 /* FileManager+Directories.swift */,
				OBJ_20 /* Locale+LanguageRegion.swift */,
				OBJ_22 /* NSAttributedStringExtensions.swift */,
				OBJ_23 /* NSLayoutConstraint+FFAdditions.swift */,
				OBJ_24 /* OperationQueue+FFAdditions.swift */,
				OBJ_25 /* SequenceExtensions.swift */,
				OBJ_15 /* String+Classes.swift */,
				OBJ_26 /* StringExtensions.swift */,
			);
			name = Extensions;
			sourceTree = "<group>";
		};
		072406B81E7ECE6500A1AC3F /* ObjectiveCSources */ = {
			isa = PBXGroup;
			children = (
				072406BB1E7ECE6500A1AC3F /* FFFoundation.h */,
			);
			path = ObjectiveCSources;
			sourceTree = "<group>";
		};
		OBJ_29 /* Tests */ = {
			isa = PBXGroup;
			children = (
				OBJ_30 /* FFFoundationTests */,
			);
			path = Tests;
			sourceTree = "<group>";
		};
		OBJ_30 /* FFFoundationTests */ = {
			isa = PBXGroup;
			children = (
				OBJ_31 /* FFFoundationTests.swift */,
				OBJ_32 /* TimerTests.swift */,
				073525DB1F470E77009CC477 /* TriangleTests.swift */,
				07820C8A1F85FA4200897C00 /* DiffTests.swift */,
			);
			name = FFFoundationTests;
			path = Tests/FFFoundationTests;
			sourceTree = SOURCE_ROOT;
		};
		OBJ_35 /* Products */ = {
			isa = PBXGroup;
			children = (
				OBJ_36 /* FFFoundation.framework */,
				OBJ_37 /* FFFoundationTests.xctest */,
			);
			name = Products;
			sourceTree = BUILT_PRODUCTS_DIR;
		};
		OBJ_5 = {
			isa = PBXGroup;
			children = (
				OBJ_6 /* Package.swift */,
				OBJ_7 /* Sources */,
				072406B81E7ECE6500A1AC3F /* ObjectiveCSources */,
				OBJ_29 /* Tests */,
				OBJ_35 /* Products */,
			);
			sourceTree = "<group>";
		};
		OBJ_7 /* Sources */ = {
			isa = PBXGroup;
			children = (
				072343C11F8DEAA500E600DB /* Extensions */,
				0713D7251F4B2CCA00591999 /* Angle.swift */,
				OBJ_9 /* AppGroup.swift */,
				07B151F61F8B489E00D1C089 /* Atomic.swift */,
				07B151F41F8B467E00D1C089 /* AttributedString.swift */,
				072343BF1F8DEA6400E600DB /* CacheManager.swift */,
				07810DDA1F8513C900F21AE0 /* Diff.swift */,
				OBJ_13 /* DispatchHelpers.swift */,
				OBJ_19 /* Lazy.swift */,
				OBJ_21 /* NotificationObserver.swift */,
				072343C21F8DECA400E600DB /* Point.swift */,
				07520EF41F8B530800D5FBF7 /* Ref.swift */,
				OBJ_27 /* Timer.swift */,
				OBJ_28 /* Togglable.swift */,
				073525D31F46D53A009CC477 /* Triangle.swift */,
				073525D51F46D58E009CC477 /* Triangulatable.swift */,
				0713D7271F4BF4E800591999 /* Weak.swift */,
			);
			path = Sources;
			sourceTree = "<group>";
		};
/* End PBXGroup section */

/* Begin PBXHeadersBuildPhase section */
		072406C01E7ECEE900A1AC3F /* Headers */ = {
			isa = PBXHeadersBuildPhase;
			buildActionMask = 2147483647;
			files = (
				072406C21E7ECEF000A1AC3F /* FFFoundation.h in Headers */,
			);
			runOnlyForDeploymentPostprocessing = 0;
		};
/* End PBXHeadersBuildPhase section */

/* Begin PBXNativeTarget section */
		OBJ_38 /* FFFoundation */ = {
			isa = PBXNativeTarget;
			buildConfigurationList = OBJ_39 /* Build configuration list for PBXNativeTarget "FFFoundation" */;
			buildPhases = (
				OBJ_42 /* Sources */,
				OBJ_63 /* Frameworks */,
				072406C01E7ECEE900A1AC3F /* Headers */,
				072406C41E7ECEFF00A1AC3F /* Resources */,
			);
			buildRules = (
			);
			dependencies = (
			);
			name = FFFoundation;
			productName = FFFoundation;
			productReference = OBJ_36 /* FFFoundation.framework */;
			productType = "com.apple.product-type.framework";
		};
		OBJ_64 /* FFFoundationTests */ = {
			isa = PBXNativeTarget;
			buildConfigurationList = OBJ_65 /* Build configuration list for PBXNativeTarget "FFFoundationTests" */;
			buildPhases = (
				OBJ_68 /* Sources */,
				OBJ_71 /* Frameworks */,
			);
			buildRules = (
			);
			dependencies = (
				OBJ_73 /* PBXTargetDependency */,
			);
			name = FFFoundationTests;
			productName = FFFoundationTests;
			productReference = OBJ_37 /* FFFoundationTests.xctest */;
			productType = "com.apple.product-type.bundle.unit-test";
		};
/* End PBXNativeTarget section */

/* Begin PBXProject section */
		OBJ_1 /* Project object */ = {
			isa = PBXProject;
			attributes = {
				LastUpgradeCheck = 0900;
				TargetAttributes = {
					OBJ_38 = {
						LastSwiftMigration = 0900;
						ProvisioningStyle = Automatic;
					};
					OBJ_64 = {
						LastSwiftMigration = 0900;
						ProvisioningStyle = Automatic;
					};
				};
			};
			buildConfigurationList = OBJ_2 /* Build configuration list for PBXProject "FFFoundation" */;
			compatibilityVersion = "Xcode 8.0";
			developmentRegion = English;
			hasScannedForEncodings = 0;
			knownRegions = (
				en,
			);
			mainGroup = OBJ_5;
			productRefGroup = OBJ_35 /* Products */;
			projectDirPath = "";
			projectRoot = "";
			targets = (
				OBJ_38 /* FFFoundation */,
				OBJ_64 /* FFFoundationTests */,
			);
		};
/* End PBXProject section */

/* Begin PBXResourcesBuildPhase section */
		072406C41E7ECEFF00A1AC3F /* Resources */ = {
			isa = PBXResourcesBuildPhase;
			buildActionMask = 2147483647;
			files = (
			);
			runOnlyForDeploymentPostprocessing = 0;
		};
/* End PBXResourcesBuildPhase section */

/* Begin PBXSourcesBuildPhase section */
		OBJ_42 /* Sources */ = {
			isa = PBXSourcesBuildPhase;
			buildActionMask = 0;
			files = (
				072343C01F8DEA6400E600DB /* CacheManager.swift in Sources */,
				OBJ_43 /* AppGroup.swift in Sources */,
				OBJ_44 /* Application+NameAndVersion.swift in Sources */,
				07810DDB1F8513C900F21AE0 /* Diff.swift in Sources */,
				07B151F71F8B489E00D1C089 /* Atomic.swift in Sources */,
				OBJ_46 /* DictionaryExtensions.swift in Sources */,
				OBJ_47 /* DispatchHelpers.swift in Sources */,
				OBJ_48 /* FileManager+Directories.swift in Sources */,
				OBJ_49 /* String+Classes.swift in Sources */,
				OBJ_53 /* Lazy.swift in Sources */,
				0713D7281F4BF4E900591999 /* Weak.swift in Sources */,
				OBJ_54 /* Locale+LanguageRegion.swift in Sources */,
				073525D61F46D58E009CC477 /* Triangulatable.swift in Sources */,
				OBJ_55 /* NotificationObserver.swift in Sources */,
				OBJ_56 /* NSAttributedStringExtensions.swift in Sources */,
				0713D7261F4B2CCB00591999 /* Angle.swift in Sources */,
				073525D41F46D53A009CC477 /* Triangle.swift in Sources */,
				07520EF51F8B530800D5FBF7 /* Ref.swift in Sources */,
				OBJ_57 /* NSLayoutConstraint+FFAdditions.swift in Sources */,
				OBJ_58 /* OperationQueue+FFAdditions.swift in Sources */,
				OBJ_59 /* SequenceExtensions.swift in Sources */,
				072343C31F8DECA400E600DB /* Point.swift in Sources */,
				OBJ_60 /* StringExtensions.swift in Sources */,
				OBJ_61 /* Timer.swift in Sources */,
				OBJ_62 /* Togglable.swift in Sources */,
			);
			runOnlyForDeploymentPostprocessing = 0;
		};
		OBJ_68 /* Sources */ = {
			isa = PBXSourcesBuildPhase;
			buildActionMask = 0;
			files = (
				OBJ_69 /* FFFoundationTests.swift in Sources */,
				OBJ_70 /* TimerTests.swift in Sources */,
				07820C8C1F85FB2200897C00 /* DiffTests.swift in Sources */,
				073525DD1F470E86009CC477 /* TriangleTests.swift in Sources */,
			);
			runOnlyForDeploymentPostprocessing = 0;
		};
/* End PBXSourcesBuildPhase section */

/* Begin PBXTargetDependency section */
		OBJ_73 /* PBXTargetDependency */ = {
			isa = PBXTargetDependency;
			target = OBJ_38 /* FFFoundation */;
			targetProxy = 072406B71E7ECDD500A1AC3F /* PBXContainerItemProxy */;
		};
/* End PBXTargetDependency section */

/* Begin XCBuildConfiguration section */
		OBJ_3 /* Debug */ = {
			isa = XCBuildConfiguration;
			buildSettings = {
				ALWAYS_SEARCH_USER_PATHS = NO;
				CLANG_ANALYZER_NONNULL = YES;
				CLANG_ENABLE_MODULES = YES;
				CLANG_ENABLE_OBJC_ARC = YES;
				CLANG_WARN_BLOCK_CAPTURE_AUTORELEASING = YES;
				CLANG_WARN_BOOL_CONVERSION = YES;
				CLANG_WARN_COMMA = YES;
				CLANG_WARN_CONSTANT_CONVERSION = YES;
				CLANG_WARN_DIRECT_OBJC_ISA_USAGE = YES_ERROR;
				CLANG_WARN_DOCUMENTATION_COMMENTS = YES;
				CLANG_WARN_EMPTY_BODY = YES;
				CLANG_WARN_ENUM_CONVERSION = YES;
				CLANG_WARN_INFINITE_RECURSION = YES;
				CLANG_WARN_INT_CONVERSION = YES;
				CLANG_WARN_NON_LITERAL_NULL_CONVERSION = YES;
				CLANG_WARN_OBJC_LITERAL_CONVERSION = YES;
				CLANG_WARN_OBJC_ROOT_CLASS = YES_ERROR;
				CLANG_WARN_RANGE_LOOP_ANALYSIS = YES;
				CLANG_WARN_STRICT_PROTOTYPES = YES;
				CLANG_WARN_SUSPICIOUS_MOVE = YES;
				CLANG_WARN_UNREACHABLE_CODE = YES;
				CLANG_WARN__DUPLICATE_METHOD_MATCH = YES;
				COMBINE_HIDPI_IMAGES = YES;
				COPY_PHASE_STRIP = NO;
				DEBUG_INFORMATION_FORMAT = dwarf;
				DYLIB_INSTALL_NAME_BASE = "@rpath";
				ENABLE_STRICT_OBJC_MSGSEND = YES;
				ENABLE_TESTABILITY = YES;
				GCC_NO_COMMON_BLOCKS = YES;
				GCC_OPTIMIZATION_LEVEL = 0;
				GCC_PREPROCESSOR_DEFINITIONS = "DEBUG=1";
				GCC_WARN_64_TO_32_BIT_CONVERSION = YES;
				GCC_WARN_ABOUT_RETURN_TYPE = YES_ERROR;
				GCC_WARN_UNDECLARED_SELECTOR = YES;
				GCC_WARN_UNINITIALIZED_AUTOS = YES_AGGRESSIVE;
				GCC_WARN_UNUSED_FUNCTION = YES;
				GCC_WARN_UNUSED_VARIABLE = YES;
				IPHONEOS_DEPLOYMENT_TARGET = 9.0;
				LD_RUNPATH_SEARCH_PATHS = "$(inherited) @executable_path/Frameworks @loader_path/Frameworks";
				"LD_RUNPATH_SEARCH_PATHS[sdk=macosx*]" = "$(inherited) @loader_path/../Frameworks";
				MACOSX_DEPLOYMENT_TARGET = 10.10;
				MTL_ENABLE_DEBUG_INFO = YES;
				ONLY_ACTIVE_ARCH = YES;
				OTHER_SWIFT_FLAGS = "-DXcode";
				PRODUCT_NAME = "$(TARGET_NAME)";
				SUPPORTED_PLATFORMS = "macosx iphoneos iphonesimulator appletvos appletvsimulator watchos watchsimulator";
				SWIFT_ACTIVE_COMPILATION_CONDITIONS = "SWIFT_PACKAGE DEBUG";
				SWIFT_OPTIMIZATION_LEVEL = "-Onone";
				SWIFT_TREAT_WARNINGS_AS_ERRORS = YES;
				SWIFT_VERSION = 4.0;
				TARGETED_DEVICE_FAMILY = "1,2,4";
				TVOS_DEPLOYMENT_TARGET = 10.0;
				VALID_ARCHS = "arm64 armv7 armv7s armv7k x86_64 i386";
				VERSIONING_SYSTEM = "apple-generic";
				WATCHOS_DEPLOYMENT_TARGET = 3.0;
			};
			name = Debug;
		};
		OBJ_4 /* Release */ = {
			isa = XCBuildConfiguration;
			buildSettings = {
				ALWAYS_SEARCH_USER_PATHS = NO;
				CLANG_ANALYZER_NONNULL = YES;
				CLANG_ENABLE_MODULES = YES;
				CLANG_ENABLE_OBJC_ARC = YES;
				CLANG_WARN_BLOCK_CAPTURE_AUTORELEASING = YES;
				CLANG_WARN_BOOL_CONVERSION = YES;
				CLANG_WARN_COMMA = YES;
				CLANG_WARN_CONSTANT_CONVERSION = YES;
				CLANG_WARN_DIRECT_OBJC_ISA_USAGE = YES_ERROR;
				CLANG_WARN_DOCUMENTATION_COMMENTS = YES;
				CLANG_WARN_EMPTY_BODY = YES;
				CLANG_WARN_ENUM_CONVERSION = YES;
				CLANG_WARN_INFINITE_RECURSION = YES;
				CLANG_WARN_INT_CONVERSION = YES;
				CLANG_WARN_NON_LITERAL_NULL_CONVERSION = YES;
				CLANG_WARN_OBJC_LITERAL_CONVERSION = YES;
				CLANG_WARN_OBJC_ROOT_CLASS = YES_ERROR;
				CLANG_WARN_RANGE_LOOP_ANALYSIS = YES;
				CLANG_WARN_STRICT_PROTOTYPES = YES;
				CLANG_WARN_SUSPICIOUS_MOVE = YES;
				CLANG_WARN_UNREACHABLE_CODE = YES;
				CLANG_WARN__DUPLICATE_METHOD_MATCH = YES;
				COMBINE_HIDPI_IMAGES = YES;
				COPY_PHASE_STRIP = NO;
				DEBUG_INFORMATION_FORMAT = "dwarf-with-dsym";
				DYLIB_INSTALL_NAME_BASE = "@rpath";
				ENABLE_NS_ASSERTIONS = NO;
				ENABLE_STRICT_OBJC_MSGSEND = YES;
				GCC_NO_COMMON_BLOCKS = YES;
				GCC_OPTIMIZATION_LEVEL = s;
				GCC_WARN_64_TO_32_BIT_CONVERSION = YES;
				GCC_WARN_ABOUT_RETURN_TYPE = YES_ERROR;
				GCC_WARN_UNDECLARED_SELECTOR = YES;
				GCC_WARN_UNINITIALIZED_AUTOS = YES_AGGRESSIVE;
				GCC_WARN_UNUSED_FUNCTION = YES;
				GCC_WARN_UNUSED_VARIABLE = YES;
				IPHONEOS_DEPLOYMENT_TARGET = 9.0;
				LD_RUNPATH_SEARCH_PATHS = "$(inherited) @executable_path/Frameworks @loader_path/Frameworks";
				"LD_RUNPATH_SEARCH_PATHS[sdk=macosx*]" = "$(inherited) @loader_path/../Frameworks";
				MACOSX_DEPLOYMENT_TARGET = 10.10;
				MTL_ENABLE_DEBUG_INFO = NO;
				OTHER_SWIFT_FLAGS = "-DXcode";
				PRODUCT_NAME = "$(TARGET_NAME)";
				SUPPORTED_PLATFORMS = "macosx iphoneos iphonesimulator appletvos appletvsimulator watchos watchsimulator";
				SWIFT_ACTIVE_COMPILATION_CONDITIONS = SWIFT_PACKAGE;
				SWIFT_OPTIMIZATION_LEVEL = "-Owholemodule";
				SWIFT_TREAT_WARNINGS_AS_ERRORS = YES;
				SWIFT_VERSION = 4.0;
				TARGETED_DEVICE_FAMILY = "1,2,4";
				TVOS_DEPLOYMENT_TARGET = 10.0;
				VALIDATE_PRODUCT = YES;
				VALID_ARCHS = "arm64 armv7 armv7s armv7k x86_64 i386";
				VERSIONING_SYSTEM = "apple-generic";
				WATCHOS_DEPLOYMENT_TARGET = 3.0;
			};
			name = Release;
		};
		OBJ_40 /* Debug */ = {
			isa = XCBuildConfiguration;
			buildSettings = {
				ALWAYS_SEARCH_USER_PATHS = NO;
				APPLICATION_EXTENSION_API_ONLY = YES;
				CURRENT_PROJECT_VERSION = 2.0;
				DEFINES_MODULE = YES;
				INFOPLIST_FILE = Resources/Info.plist;
				OTHER_SWIFT_FLAGS = "$(inherited)";
				PRODUCT_BUNDLE_IDENTIFIER = net.ffried.FFFoundation;
				PRODUCT_NAME = "$(TARGET_NAME:c99extidentifier)";
				SKIP_INSTALL = YES;
				SWIFT_VERSION = 4.0;
				TARGET_NAME = FFFoundation;
			};
			name = Debug;
		};
		OBJ_41 /* Release */ = {
			isa = XCBuildConfiguration;
			buildSettings = {
				ALWAYS_SEARCH_USER_PATHS = NO;
				APPLICATION_EXTENSION_API_ONLY = YES;
				CURRENT_PROJECT_VERSION = 2.0;
				DEFINES_MODULE = YES;
				INFOPLIST_FILE = Resources/Info.plist;
				OTHER_SWIFT_FLAGS = "$(inherited)";
				PRODUCT_BUNDLE_IDENTIFIER = net.ffried.FFFoundation;
				PRODUCT_NAME = "$(TARGET_NAME:c99extidentifier)";
				SKIP_INSTALL = YES;
				SWIFT_VERSION = 4.0;
				TARGET_NAME = FFFoundation;
			};
			name = Release;
		};
		OBJ_66 /* Debug */ = {
			isa = XCBuildConfiguration;
			buildSettings = {
				ALWAYS_EMBED_SWIFT_STANDARD_LIBRARIES = YES;
				CODE_SIGN_IDENTITY = "Mac Developer";
				"CODE_SIGN_IDENTITY[sdk=*]" = "iPhone Developer";
				"CODE_SIGN_IDENTITY[sdk=macosx*]" = "";
				DEVELOPMENT_TEAM = 8AVR59FNSV;
				FRAMEWORK_SEARCH_PATHS = (
					"$(inherited)",
					"$(PLATFORM_DIR)/Developer/Library/Frameworks",
				);
				HEADER_SEARCH_PATHS = "$(inherited)";
				INFOPLIST_FILE = Tests/FFFoundationTests/Info.plist;
				OTHER_LDFLAGS = "$(inherited)";
				OTHER_SWIFT_FLAGS = "$(inherited)";
				TARGET_NAME = FFFoundationTests;
			};
			name = Debug;
		};
		OBJ_67 /* Release */ = {
			isa = XCBuildConfiguration;
			buildSettings = {
				ALWAYS_EMBED_SWIFT_STANDARD_LIBRARIES = YES;
				CODE_SIGN_IDENTITY = "Mac Developer";
				"CODE_SIGN_IDENTITY[sdk=*]" = "iPhone Distribution";
				"CODE_SIGN_IDENTITY[sdk=macosx*]" = "";
				DEVELOPMENT_TEAM = 8AVR59FNSV;
				FRAMEWORK_SEARCH_PATHS = (
					"$(inherited)",
					"$(PLATFORM_DIR)/Developer/Library/Frameworks",
				);
				HEADER_SEARCH_PATHS = "$(inherited)";
				INFOPLIST_FILE = Tests/FFFoundationTests/Info.plist;
				OTHER_LDFLAGS = "$(inherited)";
				OTHER_SWIFT_FLAGS = "$(inherited)";
				TARGET_NAME = FFFoundationTests;
			};
			name = Release;
		};
/* End XCBuildConfiguration section */

/* Begin XCConfigurationList section */
		OBJ_2 /* Build configuration list for PBXProject "FFFoundation" */ = {
			isa = XCConfigurationList;
			buildConfigurations = (
				OBJ_3 /* Debug */,
				OBJ_4 /* Release */,
			);
			defaultConfigurationIsVisible = 0;
			defaultConfigurationName = Release;
		};
		OBJ_39 /* Build configuration list for PBXNativeTarget "FFFoundation" */ = {
			isa = XCConfigurationList;
			buildConfigurations = (
				OBJ_40 /* Debug */,
				OBJ_41 /* Release */,
			);
			defaultConfigurationIsVisible = 0;
			defaultConfigurationName = Release;
		};
		OBJ_65 /* Build configuration list for PBXNativeTarget "FFFoundationTests" */ = {
			isa = XCConfigurationList;
			buildConfigurations = (
				OBJ_66 /* Debug */,
				OBJ_67 /* Release */,
			);
			defaultConfigurationIsVisible = 0;
			defaultConfigurationName = Release;
		};
/* End XCConfigurationList section */
	};
	rootObject = OBJ_1 /* Project object */;
}
