// !$*UTF8*$!
{
	archiveVersion = 1;
	classes = {
	};
	objectVersion = 46;
	objects = {

/* Begin PBXBuildFile section */
		07202D8E1CF75A7D004119C9 /* NSDate+Extensions.swift in Sources */ = {isa = PBXBuildFile; fileRef = 07202D8D1CF75A7D004119C9 /* NSDate+Extensions.swift */; };
		07202D8F1CF75AD6004119C9 /* NSDate+Extensions.swift in Sources */ = {isa = PBXBuildFile; fileRef = 07202D8D1CF75A7D004119C9 /* NSDate+Extensions.swift */; };
		07202D971CF7950A004119C9 /* Lazy.swift in Sources */ = {isa = PBXBuildFile; fileRef = 07202D961CF7950A004119C9 /* Lazy.swift */; };
		07202D981CF7950A004119C9 /* Lazy.swift in Sources */ = {isa = PBXBuildFile; fileRef = 07202D961CF7950A004119C9 /* Lazy.swift */; };
		072F6B571CAAB88A00C2570F /* Locale+LanguageRegion.swift in Sources */ = {isa = PBXBuildFile; fileRef = 072F6B561CAAB88A00C2570F /* Locale+LanguageRegion.swift */; };
		0735188C1CFC2042001C05AA /* DispatchHelpers.swift in Sources */ = {isa = PBXBuildFile; fileRef = 0735188B1CFC2042001C05AA /* DispatchHelpers.swift */; };
		0735188D1CFC2045001C05AA /* DispatchHelpers.swift in Sources */ = {isa = PBXBuildFile; fileRef = 0735188B1CFC2042001C05AA /* DispatchHelpers.swift */; };
		0735188F1CFC2149001C05AA /* DictionaryHelpers.swift in Sources */ = {isa = PBXBuildFile; fileRef = 0735188E1CFC2149001C05AA /* DictionaryHelpers.swift */; };
		073518901CFC2149001C05AA /* DictionaryHelpers.swift in Sources */ = {isa = PBXBuildFile; fileRef = 0735188E1CFC2149001C05AA /* DictionaryHelpers.swift */; };
		073518921CFC23E6001C05AA /* Togglable.swift in Sources */ = {isa = PBXBuildFile; fileRef = 073518911CFC23E6001C05AA /* Togglable.swift */; };
		073518931CFC23E6001C05AA /* Togglable.swift in Sources */ = {isa = PBXBuildFile; fileRef = 073518911CFC23E6001C05AA /* Togglable.swift */; };
		0735189D1CFC2D1F001C05AA /* FFFoundation_OS_X_Tests.swift in Sources */ = {isa = PBXBuildFile; fileRef = 0735189C1CFC2D1F001C05AA /* FFFoundation_OS_X_Tests.swift */; };
		0735189F1CFC2D1F001C05AA /* FFFoundation.framework in Frameworks */ = {isa = PBXBuildFile; fileRef = 07D72E821CB53DFC006FDB41 /* FFFoundation.framework */; };
		07639C0A1D5E042B00247037 /* TimerTests.swift in Sources */ = {isa = PBXBuildFile; fileRef = 079DA3571C96EB32008B2612 /* TimerTests.swift */; };
		07639C0B1D5E042C00247037 /* TimerTests.swift in Sources */ = {isa = PBXBuildFile; fileRef = 079DA3571C96EB32008B2612 /* TimerTests.swift */; };
		076623301C04889200A245AA /* NSAttributedStringExtensions.swift in Sources */ = {isa = PBXBuildFile; fileRef = 0766232F1C04889200A245AA /* NSAttributedStringExtensions.swift */; };
		07710BB81B9773FB008E5F51 /* SequenceTypeExtensions.swift in Sources */ = {isa = PBXBuildFile; fileRef = 07710BB71B9773FB008E5F51 /* SequenceTypeExtensions.swift */; };
		079DA3561C96E2F4008B2612 /* Timer.swift in Sources */ = {isa = PBXBuildFile; fileRef = 079DA3551C96E2F4008B2612 /* Timer.swift */; };
		07B2F40D1A8BC68200F854FC /* NotificationObserver.swift in Sources */ = {isa = PBXBuildFile; fileRef = 07B2F40C1A8BC68200F854FC /* NotificationObserver.swift */; };
		07B37F411A38B91B00911042 /* OperationQueue+FFAdditions.swift in Sources */ = {isa = PBXBuildFile; fileRef = 07B37F401A38B91B00911042 /* OperationQueue+FFAdditions.swift */; };
		07B37F521A3B5BB500911042 /* NSLayoutConstraint+FFAdditions.swift in Sources */ = {isa = PBXBuildFile; fileRef = 07B37F511A3B5BB500911042 /* NSLayoutConstraint+FFAdditions.swift */; };
		07B39A091D8EDA2D005F2B18 /* FileManager+Directories.swift in Sources */ = {isa = PBXBuildFile; fileRef = 07B39A081D8EDA2D005F2B18 /* FileManager+Directories.swift */; };
		07B39A0A1D8EDFC5005F2B18 /* FileManager+Directories.swift in Sources */ = {isa = PBXBuildFile; fileRef = 07B39A081D8EDA2D005F2B18 /* FileManager+Directories.swift */; };
		07B39A0C1D8EE23D005F2B18 /* AppGroup.swift in Sources */ = {isa = PBXBuildFile; fileRef = 07B39A0B1D8EE23D005F2B18 /* AppGroup.swift */; };
		07B39A0D1D8EE23D005F2B18 /* AppGroup.swift in Sources */ = {isa = PBXBuildFile; fileRef = 07B39A0B1D8EE23D005F2B18 /* AppGroup.swift */; };
		07BDB0321BFF8E3700D089E6 /* StringExtensions.swift in Sources */ = {isa = PBXBuildFile; fileRef = 07BDB0311BFF8E3700D089E6 /* StringExtensions.swift */; };
		07C78C311D6860AA000F9D9E /* JSONExtensions.swift in Sources */ = {isa = PBXBuildFile; fileRef = 07C78C2E1D6860AA000F9D9E /* JSONExtensions.swift */; };
		07C78C321D6860AA000F9D9E /* JSONExtensions.swift in Sources */ = {isa = PBXBuildFile; fileRef = 07C78C2E1D6860AA000F9D9E /* JSONExtensions.swift */; };
		07C78C331D6860AA000F9D9E /* JSONParsing.swift in Sources */ = {isa = PBXBuildFile; fileRef = 07C78C2F1D6860AA000F9D9E /* JSONParsing.swift */; };
		07C78C341D6860AA000F9D9E /* JSONParsing.swift in Sources */ = {isa = PBXBuildFile; fileRef = 07C78C2F1D6860AA000F9D9E /* JSONParsing.swift */; };
		07C78C351D6860AA000F9D9E /* JSONTypes.swift in Sources */ = {isa = PBXBuildFile; fileRef = 07C78C301D6860AA000F9D9E /* JSONTypes.swift */; };
		07C78C361D6860AA000F9D9E /* JSONTypes.swift in Sources */ = {isa = PBXBuildFile; fileRef = 07C78C301D6860AA000F9D9E /* JSONTypes.swift */; };
		07C78C391D686105000F9D9E /* DateFormatters.swift in Sources */ = {isa = PBXBuildFile; fileRef = 07C78C381D686105000F9D9E /* DateFormatters.swift */; };
		07C78C3A1D686105000F9D9E /* DateFormatters.swift in Sources */ = {isa = PBXBuildFile; fileRef = 07C78C381D686105000F9D9E /* DateFormatters.swift */; };
		07D72E8A1CB53F1C006FDB41 /* FFFoundation.h in Headers */ = {isa = PBXBuildFile; fileRef = 07FF5E2C1A3761D0006928A9 /* FFFoundation.h */; settings = {ATTRIBUTES = (Public, ); }; };
		07D72E8B1CB53F38006FDB41 /* FFCacheManager.h in Headers */ = {isa = PBXBuildFile; fileRef = 07FF5E471A376345006928A9 /* FFCacheManager.h */; settings = {ATTRIBUTES = (Public, ); }; };
		07D72E8C1CB53F3C006FDB41 /* FFTimer.h in Headers */ = {isa = PBXBuildFile; fileRef = 07FF5E4C1A3765E2006928A9 /* FFTimer.h */; settings = {ATTRIBUTES = (Public, ); }; };
		07D72E8D1CB53F49006FDB41 /* Timer.swift in Sources */ = {isa = PBXBuildFile; fileRef = 079DA3551C96E2F4008B2612 /* Timer.swift */; };
		07D72E8E1CB53F4B006FDB41 /* FunctionsAndHelpers.swift in Sources */ = {isa = PBXBuildFile; fileRef = 07FF5E431A376219006928A9 /* FunctionsAndHelpers.swift */; };
		07D72E8F1CB53F4D006FDB41 /* Locale+LanguageRegion.swift in Sources */ = {isa = PBXBuildFile; fileRef = 072F6B561CAAB88A00C2570F /* Locale+LanguageRegion.swift */; };
		07D72E901CB53F51006FDB41 /* NSAttributedStringExtensions.swift in Sources */ = {isa = PBXBuildFile; fileRef = 0766232F1C04889200A245AA /* NSAttributedStringExtensions.swift */; };
		07D72E911CB53F53006FDB41 /* StringExtensions.swift in Sources */ = {isa = PBXBuildFile; fileRef = 07BDB0311BFF8E3700D089E6 /* StringExtensions.swift */; };
		07D72E921CB53F56006FDB41 /* SequenceTypeExtensions.swift in Sources */ = {isa = PBXBuildFile; fileRef = 07710BB71B9773FB008E5F51 /* SequenceTypeExtensions.swift */; };
		07D72E931CB53F59006FDB41 /* NotificationObserver.swift in Sources */ = {isa = PBXBuildFile; fileRef = 07B2F40C1A8BC68200F854FC /* NotificationObserver.swift */; };
		07D72E941CB53F5B006FDB41 /* NSLayoutConstraint+FFAdditions.swift in Sources */ = {isa = PBXBuildFile; fileRef = 07B37F511A3B5BB500911042 /* NSLayoutConstraint+FFAdditions.swift */; };
		07D72E951CB53F5E006FDB41 /* OperationQueue+FFAdditions.swift in Sources */ = {isa = PBXBuildFile; fileRef = 07B37F401A38B91B00911042 /* OperationQueue+FFAdditions.swift */; };
		07F96F051CB78C530012C546 /* Application+NameAndVersion.swift in Sources */ = {isa = PBXBuildFile; fileRef = 07F96F041CB78C530012C546 /* Application+NameAndVersion.swift */; };
		07F96F071CB791460012C546 /* Application+NameAndVersion.swift in Sources */ = {isa = PBXBuildFile; fileRef = 07F96F041CB78C530012C546 /* Application+NameAndVersion.swift */; };
		07FF5E2D1A3761D0006928A9 /* FFFoundation.h in Headers */ = {isa = PBXBuildFile; fileRef = 07FF5E2C1A3761D0006928A9 /* FFFoundation.h */; settings = {ATTRIBUTES = (Public, ); }; };
		07FF5E331A3761D1006928A9 /* FFFoundation.framework in Frameworks */ = {isa = PBXBuildFile; fileRef = 07FF5E271A3761D0006928A9 /* FFFoundation.framework */; };
		07FF5E3A1A3761D1006928A9 /* FFFoundationTests.swift in Sources */ = {isa = PBXBuildFile; fileRef = 07FF5E391A3761D1006928A9 /* FFFoundationTests.swift */; };
		07FF5E441A376219006928A9 /* FunctionsAndHelpers.swift in Sources */ = {isa = PBXBuildFile; fileRef = 07FF5E431A376219006928A9 /* FunctionsAndHelpers.swift */; };
		07FF5E491A376345006928A9 /* FFCacheManager.h in Headers */ = {isa = PBXBuildFile; fileRef = 07FF5E471A376345006928A9 /* FFCacheManager.h */; settings = {ATTRIBUTES = (Public, ); }; };
		07FF5E4A1A376345006928A9 /* FFCacheManager.m in Sources */ = {isa = PBXBuildFile; fileRef = 07FF5E481A376345006928A9 /* FFCacheManager.m */; };
		07FF5E4E1A3765E2006928A9 /* FFTimer.h in Headers */ = {isa = PBXBuildFile; fileRef = 07FF5E4C1A3765E2006928A9 /* FFTimer.h */; settings = {ATTRIBUTES = (Public, ); }; };
		07FF5E4F1A3765E2006928A9 /* FFTimer.m in Sources */ = {isa = PBXBuildFile; fileRef = 07FF5E4D1A3765E2006928A9 /* FFTimer.m */; };
/* End PBXBuildFile section */

/* Begin PBXContainerItemProxy section */
		073518A01CFC2D1F001C05AA /* PBXContainerItemProxy */ = {
			isa = PBXContainerItemProxy;
			containerPortal = 07FF5E1E1A3761D0006928A9 /* Project object */;
			proxyType = 1;
			remoteGlobalIDString = 07D72E811CB53DFC006FDB41;
			remoteInfo = "FFFoundation Mac";
		};
		07FF5E341A3761D1006928A9 /* PBXContainerItemProxy */ = {
			isa = PBXContainerItemProxy;
			containerPortal = 07FF5E1E1A3761D0006928A9 /* Project object */;
			proxyType = 1;
			remoteGlobalIDString = 07FF5E261A3761D0006928A9;
			remoteInfo = FFFoundation;
		};
/* End PBXContainerItemProxy section */

/* Begin PBXFileReference section */
		07202D8D1CF75A7D004119C9 /* NSDate+Extensions.swift */ = {isa = PBXFileReference; fileEncoding = 4; lastKnownFileType = sourcecode.swift; path = "NSDate+Extensions.swift"; sourceTree = "<group>"; };
		07202D961CF7950A004119C9 /* Lazy.swift */ = {isa = PBXFileReference; fileEncoding = 4; lastKnownFileType = sourcecode.swift; path = Lazy.swift; sourceTree = "<group>"; };
		072F6B561CAAB88A00C2570F /* Locale+LanguageRegion.swift */ = {isa = PBXFileReference; fileEncoding = 4; lastKnownFileType = sourcecode.swift; path = "Locale+LanguageRegion.swift"; sourceTree = "<group>"; };
		0735188B1CFC2042001C05AA /* DispatchHelpers.swift */ = {isa = PBXFileReference; fileEncoding = 4; lastKnownFileType = sourcecode.swift; path = DispatchHelpers.swift; sourceTree = "<group>"; };
		0735188E1CFC2149001C05AA /* DictionaryHelpers.swift */ = {isa = PBXFileReference; fileEncoding = 4; lastKnownFileType = sourcecode.swift; path = DictionaryHelpers.swift; sourceTree = "<group>"; };
		073518911CFC23E6001C05AA /* Togglable.swift */ = {isa = PBXFileReference; fileEncoding = 4; lastKnownFileType = sourcecode.swift; path = Togglable.swift; sourceTree = "<group>"; };
		0735189A1CFC2D1E001C05AA /* FFFoundation OS X Tests.xctest */ = {isa = PBXFileReference; explicitFileType = wrapper.cfbundle; includeInIndex = 0; path = "FFFoundation OS X Tests.xctest"; sourceTree = BUILT_PRODUCTS_DIR; };
		0735189C1CFC2D1F001C05AA /* FFFoundation_OS_X_Tests.swift */ = {isa = PBXFileReference; lastKnownFileType = sourcecode.swift; path = FFFoundation_OS_X_Tests.swift; sourceTree = "<group>"; };
		0735189E1CFC2D1F001C05AA /* Info.plist */ = {isa = PBXFileReference; lastKnownFileType = text.plist.xml; path = Info.plist; sourceTree = "<group>"; };
		0766232F1C04889200A245AA /* NSAttributedStringExtensions.swift */ = {isa = PBXFileReference; fileEncoding = 4; lastKnownFileType = sourcecode.swift; path = NSAttributedStringExtensions.swift; sourceTree = "<group>"; };
		07710BB71B9773FB008E5F51 /* SequenceTypeExtensions.swift */ = {isa = PBXFileReference; fileEncoding = 4; lastKnownFileType = sourcecode.swift; path = SequenceTypeExtensions.swift; sourceTree = "<group>"; };
		079DA3551C96E2F4008B2612 /* Timer.swift */ = {isa = PBXFileReference; fileEncoding = 4; lastKnownFileType = sourcecode.swift; path = Timer.swift; sourceTree = "<group>"; };
		079DA3571C96EB32008B2612 /* TimerTests.swift */ = {isa = PBXFileReference; fileEncoding = 4; lastKnownFileType = sourcecode.swift; path = TimerTests.swift; sourceTree = "<group>"; };
		07B2F40C1A8BC68200F854FC /* NotificationObserver.swift */ = {isa = PBXFileReference; fileEncoding = 4; lastKnownFileType = sourcecode.swift; path = NotificationObserver.swift; sourceTree = "<group>"; };
		07B37F401A38B91B00911042 /* OperationQueue+FFAdditions.swift */ = {isa = PBXFileReference; fileEncoding = 4; lastKnownFileType = sourcecode.swift; path = "OperationQueue+FFAdditions.swift"; sourceTree = "<group>"; };
		07B37F511A3B5BB500911042 /* NSLayoutConstraint+FFAdditions.swift */ = {isa = PBXFileReference; fileEncoding = 4; lastKnownFileType = sourcecode.swift; path = "NSLayoutConstraint+FFAdditions.swift"; sourceTree = "<group>"; };
		07B39A081D8EDA2D005F2B18 /* FileManager+Directories.swift */ = {isa = PBXFileReference; fileEncoding = 4; lastKnownFileType = sourcecode.swift; path = "FileManager+Directories.swift"; sourceTree = "<group>"; };
		07B39A0B1D8EE23D005F2B18 /* AppGroup.swift */ = {isa = PBXFileReference; fileEncoding = 4; lastKnownFileType = sourcecode.swift; path = AppGroup.swift; sourceTree = "<group>"; };
		07BDB0311BFF8E3700D089E6 /* StringExtensions.swift */ = {isa = PBXFileReference; fileEncoding = 4; lastKnownFileType = sourcecode.swift; path = StringExtensions.swift; sourceTree = "<group>"; };
		07C78C2E1D6860AA000F9D9E /* JSONExtensions.swift */ = {isa = PBXFileReference; fileEncoding = 4; lastKnownFileType = sourcecode.swift; path = JSONExtensions.swift; sourceTree = "<group>"; };
		07C78C2F1D6860AA000F9D9E /* JSONParsing.swift */ = {isa = PBXFileReference; fileEncoding = 4; lastKnownFileType = sourcecode.swift; path = JSONParsing.swift; sourceTree = "<group>"; };
		07C78C301D6860AA000F9D9E /* JSONTypes.swift */ = {isa = PBXFileReference; fileEncoding = 4; lastKnownFileType = sourcecode.swift; path = JSONTypes.swift; sourceTree = "<group>"; };
		07C78C381D686105000F9D9E /* DateFormatters.swift */ = {isa = PBXFileReference; fileEncoding = 4; lastKnownFileType = sourcecode.swift; path = DateFormatters.swift; sourceTree = "<group>"; };
		07D72E821CB53DFC006FDB41 /* FFFoundation.framework */ = {isa = PBXFileReference; explicitFileType = wrapper.framework; includeInIndex = 0; path = FFFoundation.framework; sourceTree = BUILT_PRODUCTS_DIR; };
		07D72E861CB53DFC006FDB41 /* Info.plist */ = {isa = PBXFileReference; lastKnownFileType = text.plist.xml; path = Info.plist; sourceTree = "<group>"; };
		07F96F041CB78C530012C546 /* Application+NameAndVersion.swift */ = {isa = PBXFileReference; fileEncoding = 4; lastKnownFileType = sourcecode.swift; path = "Application+NameAndVersion.swift"; sourceTree = "<group>"; };
		07FF5E271A3761D0006928A9 /* FFFoundation.framework */ = {isa = PBXFileReference; explicitFileType = wrapper.framework; includeInIndex = 0; path = FFFoundation.framework; sourceTree = BUILT_PRODUCTS_DIR; };
		07FF5E2B1A3761D0006928A9 /* Info.plist */ = {isa = PBXFileReference; lastKnownFileType = text.plist.xml; name = Info.plist; path = "FFFoundation iOS/Info.plist"; sourceTree = "<group>"; };
		07FF5E2C1A3761D0006928A9 /* FFFoundation.h */ = {isa = PBXFileReference; lastKnownFileType = sourcecode.c.h; path = FFFoundation.h; sourceTree = "<group>"; };
		07FF5E321A3761D1006928A9 /* FFFoundation iOS Tests.xctest */ = {isa = PBXFileReference; explicitFileType = wrapper.cfbundle; includeInIndex = 0; path = "FFFoundation iOS Tests.xctest"; sourceTree = BUILT_PRODUCTS_DIR; };
		07FF5E381A3761D1006928A9 /* Info.plist */ = {isa = PBXFileReference; lastKnownFileType = text.plist.xml; path = Info.plist; sourceTree = "<group>"; };
		07FF5E391A3761D1006928A9 /* FFFoundationTests.swift */ = {isa = PBXFileReference; lastKnownFileType = sourcecode.swift; path = FFFoundationTests.swift; sourceTree = "<group>"; };
		07FF5E431A376219006928A9 /* FunctionsAndHelpers.swift */ = {isa = PBXFileReference; fileEncoding = 4; lastKnownFileType = sourcecode.swift; path = FunctionsAndHelpers.swift; sourceTree = "<group>"; };
		07FF5E471A376345006928A9 /* FFCacheManager.h */ = {isa = PBXFileReference; fileEncoding = 4; lastKnownFileType = sourcecode.c.h; path = FFCacheManager.h; sourceTree = "<group>"; };
		07FF5E481A376345006928A9 /* FFCacheManager.m */ = {isa = PBXFileReference; fileEncoding = 4; lastKnownFileType = sourcecode.c.objc; path = FFCacheManager.m; sourceTree = "<group>"; };
		07FF5E4C1A3765E2006928A9 /* FFTimer.h */ = {isa = PBXFileReference; fileEncoding = 4; lastKnownFileType = sourcecode.c.h; path = FFTimer.h; sourceTree = "<group>"; };
		07FF5E4D1A3765E2006928A9 /* FFTimer.m */ = {isa = PBXFileReference; fileEncoding = 4; lastKnownFileType = sourcecode.c.objc; path = FFTimer.m; sourceTree = "<group>"; };
		07FF5E511A3768DD006928A9 /* FFObserver.h */ = {isa = PBXFileReference; fileEncoding = 4; lastKnownFileType = sourcecode.c.h; path = FFObserver.h; sourceTree = "<group>"; };
		07FF5E521A3768DD006928A9 /* FFObserver.m */ = {isa = PBXFileReference; fileEncoding = 4; lastKnownFileType = sourcecode.c.objc; path = FFObserver.m; sourceTree = "<group>"; };
/* End PBXFileReference section */

/* Begin PBXFrameworksBuildPhase section */
		073518971CFC2D1E001C05AA /* Frameworks */ = {
			isa = PBXFrameworksBuildPhase;
			buildActionMask = 2147483647;
			files = (
				0735189F1CFC2D1F001C05AA /* FFFoundation.framework in Frameworks */,
			);
			runOnlyForDeploymentPostprocessing = 0;
		};
		07D72E7E1CB53DFC006FDB41 /* Frameworks */ = {
			isa = PBXFrameworksBuildPhase;
			buildActionMask = 2147483647;
			files = (
			);
			runOnlyForDeploymentPostprocessing = 0;
		};
		07FF5E231A3761D0006928A9 /* Frameworks */ = {
			isa = PBXFrameworksBuildPhase;
			buildActionMask = 2147483647;
			files = (
			);
			runOnlyForDeploymentPostprocessing = 0;
		};
		07FF5E2F1A3761D1006928A9 /* Frameworks */ = {
			isa = PBXFrameworksBuildPhase;
			buildActionMask = 2147483647;
			files = (
				07FF5E331A3761D1006928A9 /* FFFoundation.framework in Frameworks */,
			);
			runOnlyForDeploymentPostprocessing = 0;
		};
/* End PBXFrameworksBuildPhase section */

/* Begin PBXGroup section */
		073518941CFC2AFB001C05AA /* FFFoundation iOS */ = {
			isa = PBXGroup;
			children = (
				07FF5E2B1A3761D0006928A9 /* Info.plist */,
			);
			name = "FFFoundation iOS";
			sourceTree = "<group>";
		};
		073518951CFC2B5E001C05AA /* Extensions */ = {
			isa = PBXGroup;
			children = (
				07C78C381D686105000F9D9E /* DateFormatters.swift */,
				07F96F041CB78C530012C546 /* Application+NameAndVersion.swift */,
				07B37F401A38B91B00911042 /* OperationQueue+FFAdditions.swift */,
				07B37F511A3B5BB500911042 /* NSLayoutConstraint+FFAdditions.swift */,
				07710BB71B9773FB008E5F51 /* SequenceTypeExtensions.swift */,
				07BDB0311BFF8E3700D089E6 /* StringExtensions.swift */,
				0766232F1C04889200A245AA /* NSAttributedStringExtensions.swift */,
				072F6B561CAAB88A00C2570F /* Locale+LanguageRegion.swift */,
				07202D8D1CF75A7D004119C9 /* NSDate+Extensions.swift */,
				07B39A081D8EDA2D005F2B18 /* FileManager+Directories.swift */,
			);
			name = Extensions;
			sourceTree = "<group>";
		};
		0735189B1CFC2D1F001C05AA /* FFFoundation OS X Tests */ = {
			isa = PBXGroup;
			children = (
				0735189C1CFC2D1F001C05AA /* FFFoundation_OS_X_Tests.swift */,
				0735189E1CFC2D1F001C05AA /* Info.plist */,
			);
			path = "FFFoundation OS X Tests";
			sourceTree = "<group>";
		};
		07C78C371D6860B2000F9D9E /* JSON */ = {
			isa = PBXGroup;
			children = (
				07C78C2E1D6860AA000F9D9E /* JSONExtensions.swift */,
				07C78C2F1D6860AA000F9D9E /* JSONParsing.swift */,
				07C78C301D6860AA000F9D9E /* JSONTypes.swift */,
			);
			name = JSON;
			sourceTree = "<group>";
		};
		07D72E831CB53DFC006FDB41 /* FFFoundation Mac */ = {
			isa = PBXGroup;
			children = (
				07D72E861CB53DFC006FDB41 /* Info.plist */,
			);
			path = "FFFoundation Mac";
			sourceTree = "<group>";
		};
		07FF5E1D1A3761D0006928A9 = {
			isa = PBXGroup;
			children = (
				07FF5E291A3761D0006928A9 /* FFFoundation */,
				073518941CFC2AFB001C05AA /* FFFoundation iOS */,
				07D72E831CB53DFC006FDB41 /* FFFoundation Mac */,
				07FF5E361A3761D1006928A9 /* FFFoundation iOS Tests */,
				0735189B1CFC2D1F001C05AA /* FFFoundation OS X Tests */,
				07FF5E281A3761D0006928A9 /* Products */,
			);
			sourceTree = "<group>";
		};
		07FF5E281A3761D0006928A9 /* Products */ = {
			isa = PBXGroup;
			children = (
				07FF5E271A3761D0006928A9 /* FFFoundation.framework */,
				07FF5E321A3761D1006928A9 /* FFFoundation iOS Tests.xctest */,
				07D72E821CB53DFC006FDB41 /* FFFoundation.framework */,
				0735189A1CFC2D1E001C05AA /* FFFoundation OS X Tests.xctest */,
			);
			name = Products;
			sourceTree = "<group>";
		};
		07FF5E291A3761D0006928A9 /* FFFoundation */ = {
			isa = PBXGroup;
			children = (
				073518951CFC2B5E001C05AA /* Extensions */,
				07C78C371D6860B2000F9D9E /* JSON */,
				07B39A0B1D8EE23D005F2B18 /* AppGroup.swift */,
				0735188E1CFC2149001C05AA /* DictionaryHelpers.swift */,
				0735188B1CFC2042001C05AA /* DispatchHelpers.swift */,
				07FF5E431A376219006928A9 /* FunctionsAndHelpers.swift */,
				07202D961CF7950A004119C9 /* Lazy.swift */,
				07B2F40C1A8BC68200F854FC /* NotificationObserver.swift */,
				079DA3551C96E2F4008B2612 /* Timer.swift */,
				073518911CFC23E6001C05AA /* Togglable.swift */,
				07FF5E2C1A3761D0006928A9 /* FFFoundation.h */,
				07FF5E471A376345006928A9 /* FFCacheManager.h */,
				07FF5E481A376345006928A9 /* FFCacheManager.m */,
				07FF5E511A3768DD006928A9 /* FFObserver.h */,
				07FF5E521A3768DD006928A9 /* FFObserver.m */,
				07FF5E4C1A3765E2006928A9 /* FFTimer.h */,
				07FF5E4D1A3765E2006928A9 /* FFTimer.m */,
			);
			path = FFFoundation;
			sourceTree = "<group>";
		};
		07FF5E361A3761D1006928A9 /* FFFoundation iOS Tests */ = {
			isa = PBXGroup;
			children = (
				07FF5E391A3761D1006928A9 /* FFFoundationTests.swift */,
				079DA3571C96EB32008B2612 /* TimerTests.swift */,
				07FF5E371A3761D1006928A9 /* Supporting Files */,
			);
			path = "FFFoundation iOS Tests";
			sourceTree = "<group>";
		};
		07FF5E371A3761D1006928A9 /* Supporting Files */ = {
			isa = PBXGroup;
			children = (
				07FF5E381A3761D1006928A9 /* Info.plist */,
			);
			name = "Supporting Files";
			sourceTree = "<group>";
		};
/* End PBXGroup section */

/* Begin PBXHeadersBuildPhase section */
		07D72E7F1CB53DFC006FDB41 /* Headers */ = {
			isa = PBXHeadersBuildPhase;
			buildActionMask = 2147483647;
			files = (
				07D72E8A1CB53F1C006FDB41 /* FFFoundation.h in Headers */,
				07D72E8B1CB53F38006FDB41 /* FFCacheManager.h in Headers */,
				07D72E8C1CB53F3C006FDB41 /* FFTimer.h in Headers */,
			);
			runOnlyForDeploymentPostprocessing = 0;
		};
		07FF5E241A3761D0006928A9 /* Headers */ = {
			isa = PBXHeadersBuildPhase;
			buildActionMask = 2147483647;
			files = (
				07FF5E2D1A3761D0006928A9 /* FFFoundation.h in Headers */,
				07FF5E491A376345006928A9 /* FFCacheManager.h in Headers */,
				07FF5E4E1A3765E2006928A9 /* FFTimer.h in Headers */,
			);
			runOnlyForDeploymentPostprocessing = 0;
		};
/* End PBXHeadersBuildPhase section */

/* Begin PBXNativeTarget section */
		073518991CFC2D1E001C05AA /* FFFoundation OS X Tests */ = {
			isa = PBXNativeTarget;
			buildConfigurationList = 073518A21CFC2D1F001C05AA /* Build configuration list for PBXNativeTarget "FFFoundation OS X Tests" */;
			buildPhases = (
				073518961CFC2D1E001C05AA /* Sources */,
				073518971CFC2D1E001C05AA /* Frameworks */,
				073518981CFC2D1E001C05AA /* Resources */,
			);
			buildRules = (
			);
			dependencies = (
				073518A11CFC2D1F001C05AA /* PBXTargetDependency */,
			);
			name = "FFFoundation OS X Tests";
			productName = "FFFoundation OS X Tests";
			productReference = 0735189A1CFC2D1E001C05AA /* FFFoundation OS X Tests.xctest */;
			productType = "com.apple.product-type.bundle.unit-test";
		};
		07D72E811CB53DFC006FDB41 /* FFFoundation Mac */ = {
			isa = PBXNativeTarget;
			buildConfigurationList = 07D72E891CB53DFC006FDB41 /* Build configuration list for PBXNativeTarget "FFFoundation Mac" */;
			buildPhases = (
				07D72E7D1CB53DFC006FDB41 /* Sources */,
				07D72E7E1CB53DFC006FDB41 /* Frameworks */,
				07D72E7F1CB53DFC006FDB41 /* Headers */,
				07D72E801CB53DFC006FDB41 /* Resources */,
			);
			buildRules = (
			);
			dependencies = (
			);
			name = "FFFoundation Mac";
			productName = "FFFoundation Mac";
			productReference = 07D72E821CB53DFC006FDB41 /* FFFoundation.framework */;
			productType = "com.apple.product-type.framework";
		};
		07FF5E261A3761D0006928A9 /* FFFoundation iOS */ = {
			isa = PBXNativeTarget;
			buildConfigurationList = 07FF5E3D1A3761D1006928A9 /* Build configuration list for PBXNativeTarget "FFFoundation iOS" */;
			buildPhases = (
				07FF5E221A3761D0006928A9 /* Sources */,
				07FF5E231A3761D0006928A9 /* Frameworks */,
				07FF5E241A3761D0006928A9 /* Headers */,
				07FF5E251A3761D0006928A9 /* Resources */,
			);
			buildRules = (
			);
			dependencies = (
			);
			name = "FFFoundation iOS";
			productName = FFFoundation;
			productReference = 07FF5E271A3761D0006928A9 /* FFFoundation.framework */;
			productType = "com.apple.product-type.framework";
		};
		07FF5E311A3761D1006928A9 /* FFFoundation iOS Tests */ = {
			isa = PBXNativeTarget;
			buildConfigurationList = 07FF5E401A3761D1006928A9 /* Build configuration list for PBXNativeTarget "FFFoundation iOS Tests" */;
			buildPhases = (
				07FF5E2E1A3761D1006928A9 /* Sources */,
				07FF5E2F1A3761D1006928A9 /* Frameworks */,
				07FF5E301A3761D1006928A9 /* Resources */,
			);
			buildRules = (
			);
			dependencies = (
				07FF5E351A3761D1006928A9 /* PBXTargetDependency */,
			);
			name = "FFFoundation iOS Tests";
			productName = FFFoundationTests;
			productReference = 07FF5E321A3761D1006928A9 /* FFFoundation iOS Tests.xctest */;
			productType = "com.apple.product-type.bundle.unit-test";
		};
/* End PBXNativeTarget section */

/* Begin PBXProject section */
		07FF5E1E1A3761D0006928A9 /* Project object */ = {
			isa = PBXProject;
			attributes = {
				LastSwiftUpdateCheck = 0730;
				LastUpgradeCheck = 0800;
				ORGANIZATIONNAME = "Florian Friedrich";
				TargetAttributes = {
					073518991CFC2D1E001C05AA = {
						CreatedOnToolsVersion = 7.3.1;
						LastSwiftMigration = 0800;
					};
					07D72E811CB53DFC006FDB41 = {
						CreatedOnToolsVersion = 7.3;
						DevelopmentTeamName = "Florian Friedrich";
						LastSwiftMigration = 0800;
						ProvisioningStyle = Automatic;
					};
					07FF5E261A3761D0006928A9 = {
						CreatedOnToolsVersion = 6.1.1;
						DevelopmentTeamName = "Florian Friedrich";
						LastSwiftMigration = 0800;
						ProvisioningStyle = Automatic;
					};
					07FF5E311A3761D1006928A9 = {
						CreatedOnToolsVersion = 6.1.1;
						DevelopmentTeam = 8AVR59FNSV;
						DevelopmentTeamName = "Florian Friedrich";
						LastSwiftMigration = 0800;
					};
				};
			};
			buildConfigurationList = 07FF5E211A3761D0006928A9 /* Build configuration list for PBXProject "FFFoundation" */;
			compatibilityVersion = "Xcode 3.2";
			developmentRegion = English;
			hasScannedForEncodings = 0;
			knownRegions = (
				en,
			);
			mainGroup = 07FF5E1D1A3761D0006928A9;
			productRefGroup = 07FF5E281A3761D0006928A9 /* Products */;
			projectDirPath = "";
			projectRoot = "";
			targets = (
				07FF5E261A3761D0006928A9 /* FFFoundation iOS */,
				07D72E811CB53DFC006FDB41 /* FFFoundation Mac */,
				07FF5E311A3761D1006928A9 /* FFFoundation iOS Tests */,
				073518991CFC2D1E001C05AA /* FFFoundation OS X Tests */,
			);
		};
/* End PBXProject section */

/* Begin PBXResourcesBuildPhase section */
		073518981CFC2D1E001C05AA /* Resources */ = {
			isa = PBXResourcesBuildPhase;
			buildActionMask = 2147483647;
			files = (
			);
			runOnlyForDeploymentPostprocessing = 0;
		};
		07D72E801CB53DFC006FDB41 /* Resources */ = {
			isa = PBXResourcesBuildPhase;
			buildActionMask = 2147483647;
			files = (
			);
			runOnlyForDeploymentPostprocessing = 0;
		};
		07FF5E251A3761D0006928A9 /* Resources */ = {
			isa = PBXResourcesBuildPhase;
			buildActionMask = 2147483647;
			files = (
			);
			runOnlyForDeploymentPostprocessing = 0;
		};
		07FF5E301A3761D1006928A9 /* Resources */ = {
			isa = PBXResourcesBuildPhase;
			buildActionMask = 2147483647;
			files = (
			);
			runOnlyForDeploymentPostprocessing = 0;
		};
/* End PBXResourcesBuildPhase section */

/* Begin PBXSourcesBuildPhase section */
		073518961CFC2D1E001C05AA /* Sources */ = {
			isa = PBXSourcesBuildPhase;
			buildActionMask = 2147483647;
			files = (
				0735189D1CFC2D1F001C05AA /* FFFoundation_OS_X_Tests.swift in Sources */,
				07639C0B1D5E042C00247037 /* TimerTests.swift in Sources */,
			);
			runOnlyForDeploymentPostprocessing = 0;
		};
		07D72E7D1CB53DFC006FDB41 /* Sources */ = {
			isa = PBXSourcesBuildPhase;
			buildActionMask = 2147483647;
			files = (
				07202D8F1CF75AD6004119C9 /* NSDate+Extensions.swift in Sources */,
				07202D981CF7950A004119C9 /* Lazy.swift in Sources */,
				07D72E8F1CB53F4D006FDB41 /* Locale+LanguageRegion.swift in Sources */,
				073518931CFC23E6001C05AA /* Togglable.swift in Sources */,
				0735188D1CFC2045001C05AA /* DispatchHelpers.swift in Sources */,
				07D72E941CB53F5B006FDB41 /* NSLayoutConstraint+FFAdditions.swift in Sources */,
				07D72E951CB53F5E006FDB41 /* OperationQueue+FFAdditions.swift in Sources */,
				07B39A0A1D8EDFC5005F2B18 /* FileManager+Directories.swift in Sources */,
				07D72E931CB53F59006FDB41 /* NotificationObserver.swift in Sources */,
				07F96F071CB791460012C546 /* Application+NameAndVersion.swift in Sources */,
				07B39A0D1D8EE23D005F2B18 /* AppGroup.swift in Sources */,
				07C78C361D6860AA000F9D9E /* JSONTypes.swift in Sources */,
				07C78C321D6860AA000F9D9E /* JSONExtensions.swift in Sources */,
				07D72E901CB53F51006FDB41 /* NSAttributedStringExtensions.swift in Sources */,
				07D72E911CB53F53006FDB41 /* StringExtensions.swift in Sources */,
				07D72E8D1CB53F49006FDB41 /* Timer.swift in Sources */,
				07C78C341D6860AA000F9D9E /* JSONParsing.swift in Sources */,
				07D72E921CB53F56006FDB41 /* SequenceTypeExtensions.swift in Sources */,
				07D72E8E1CB53F4B006FDB41 /* FunctionsAndHelpers.swift in Sources */,
				07C78C3A1D686105000F9D9E /* DateFormatters.swift in Sources */,
				073518901CFC2149001C05AA /* DictionaryHelpers.swift in Sources */,
			);
			runOnlyForDeploymentPostprocessing = 0;
		};
		07FF5E221A3761D0006928A9 /* Sources */ = {
			isa = PBXSourcesBuildPhase;
			buildActionMask = 2147483647;
			files = (
				073518921CFC23E6001C05AA /* Togglable.swift in Sources */,
				07B39A091D8EDA2D005F2B18 /* FileManager+Directories.swift in Sources */,
				07BDB0321BFF8E3700D089E6 /* StringExtensions.swift in Sources */,
				07FF5E4A1A376345006928A9 /* FFCacheManager.m in Sources */,
				07B2F40D1A8BC68200F854FC /* NotificationObserver.swift in Sources */,
				07FF5E441A376219006928A9 /* FunctionsAndHelpers.swift in Sources */,
				07C78C391D686105000F9D9E /* DateFormatters.swift in Sources */,
				07B37F411A38B91B00911042 /* OperationQueue+FFAdditions.swift in Sources */,
				072F6B571CAAB88A00C2570F /* Locale+LanguageRegion.swift in Sources */,
				076623301C04889200A245AA /* NSAttributedStringExtensions.swift in Sources */,
				07710BB81B9773FB008E5F51 /* SequenceTypeExtensions.swift in Sources */,
				07F96F051CB78C530012C546 /* Application+NameAndVersion.swift in Sources */,
				07202D971CF7950A004119C9 /* Lazy.swift in Sources */,
				07C78C331D6860AA000F9D9E /* JSONParsing.swift in Sources */,
				0735188C1CFC2042001C05AA /* DispatchHelpers.swift in Sources */,
				0735188F1CFC2149001C05AA /* DictionaryHelpers.swift in Sources */,
				07C78C311D6860AA000F9D9E /* JSONExtensions.swift in Sources */,
				07FF5E4F1A3765E2006928A9 /* FFTimer.m in Sources */,
				07202D8E1CF75A7D004119C9 /* NSDate+Extensions.swift in Sources */,
				07C78C351D6860AA000F9D9E /* JSONTypes.swift in Sources */,
				079DA3561C96E2F4008B2612 /* Timer.swift in Sources */,
				07B39A0C1D8EE23D005F2B18 /* AppGroup.swift in Sources */,
				07B37F521A3B5BB500911042 /* NSLayoutConstraint+FFAdditions.swift in Sources */,
			);
			runOnlyForDeploymentPostprocessing = 0;
		};
		07FF5E2E1A3761D1006928A9 /* Sources */ = {
			isa = PBXSourcesBuildPhase;
			buildActionMask = 2147483647;
			files = (
				07FF5E3A1A3761D1006928A9 /* FFFoundationTests.swift in Sources */,
				07639C0A1D5E042B00247037 /* TimerTests.swift in Sources */,
			);
			runOnlyForDeploymentPostprocessing = 0;
		};
/* End PBXSourcesBuildPhase section */

/* Begin PBXTargetDependency section */
		073518A11CFC2D1F001C05AA /* PBXTargetDependency */ = {
			isa = PBXTargetDependency;
			target = 07D72E811CB53DFC006FDB41 /* FFFoundation Mac */;
			targetProxy = 073518A01CFC2D1F001C05AA /* PBXContainerItemProxy */;
		};
		07FF5E351A3761D1006928A9 /* PBXTargetDependency */ = {
			isa = PBXTargetDependency;
			target = 07FF5E261A3761D0006928A9 /* FFFoundation iOS */;
			targetProxy = 07FF5E341A3761D1006928A9 /* PBXContainerItemProxy */;
		};
/* End PBXTargetDependency section */

/* Begin XCBuildConfiguration section */
		073518A31CFC2D1F001C05AA /* Debug */ = {
			isa = XCBuildConfiguration;
			buildSettings = {
				CLANG_ANALYZER_NONNULL = YES;
				CODE_SIGN_IDENTITY = "-";
				COMBINE_HIDPI_IMAGES = YES;
				DEBUG_INFORMATION_FORMAT = dwarf;
				GCC_NO_COMMON_BLOCKS = YES;
				INFOPLIST_FILE = "FFFoundation OS X Tests/Info.plist";
				LD_RUNPATH_SEARCH_PATHS = "$(inherited) @executable_path/../Frameworks @loader_path/../Frameworks";
				MACOSX_DEPLOYMENT_TARGET = 10.11;
				PRODUCT_BUNDLE_IDENTIFIER = "net.ffried.FFFoundation-OS-X-Tests";
				PRODUCT_NAME = "$(TARGET_NAME)";
				SDKROOT = macosx;
				SWIFT_VERSION = 3.0;
			};
			name = Debug;
		};
		073518A41CFC2D1F001C05AA /* Release */ = {
			isa = XCBuildConfiguration;
			buildSettings = {
				CLANG_ANALYZER_NONNULL = YES;
				CODE_SIGN_IDENTITY = "-";
				COMBINE_HIDPI_IMAGES = YES;
				DEBUG_INFORMATION_FORMAT = "dwarf-with-dsym";
				GCC_NO_COMMON_BLOCKS = YES;
				INFOPLIST_FILE = "FFFoundation OS X Tests/Info.plist";
				LD_RUNPATH_SEARCH_PATHS = "$(inherited) @executable_path/../Frameworks @loader_path/../Frameworks";
				MACOSX_DEPLOYMENT_TARGET = 10.11;
				PRODUCT_BUNDLE_IDENTIFIER = "net.ffried.FFFoundation-OS-X-Tests";
				PRODUCT_NAME = "$(TARGET_NAME)";
				SDKROOT = macosx;
				SWIFT_OPTIMIZATION_LEVEL = "-Owholemodule";
				SWIFT_VERSION = 3.0;
			};
			name = Release;
		};
		07D72E871CB53DFC006FDB41 /* Debug */ = {
			isa = XCBuildConfiguration;
			buildSettings = {
				CLANG_ANALYZER_NONNULL = YES;
				CODE_SIGN_IDENTITY = "Mac Developer";
				COMBINE_HIDPI_IMAGES = YES;
				DEFINES_MODULE = YES;
				DEVELOPMENT_TEAM = "";
				DYLIB_COMPATIBILITY_VERSION = 1;
				DYLIB_CURRENT_VERSION = 1;
				DYLIB_INSTALL_NAME_BASE = "@rpath";
				FRAMEWORK_VERSION = A;
				GCC_NO_COMMON_BLOCKS = YES;
				INFOPLIST_FILE = "FFFoundation Mac/Info.plist";
				INSTALL_PATH = "$(LOCAL_LIBRARY_DIR)/Frameworks";
				LD_RUNPATH_SEARCH_PATHS = "$(inherited) @executable_path/../Frameworks @loader_path/Frameworks";
				MACOSX_DEPLOYMENT_TARGET = 10.10;
				PRODUCT_BUNDLE_IDENTIFIER = "net.ffried.$(PRODUCT_NAME:rfc1034identifier)";
				SDKROOT = macosx;
				SKIP_INSTALL = YES;
				SWIFT_VERSION = 3.0;
			};
			name = Debug;
		};
		07D72E881CB53DFC006FDB41 /* Release */ = {
			isa = XCBuildConfiguration;
			buildSettings = {
				CLANG_ANALYZER_NONNULL = YES;
				CODE_SIGN_IDENTITY = "Mac Developer";
				COMBINE_HIDPI_IMAGES = YES;
				DEFINES_MODULE = YES;
				DEVELOPMENT_TEAM = "";
				DYLIB_COMPATIBILITY_VERSION = 1;
				DYLIB_CURRENT_VERSION = 1;
				DYLIB_INSTALL_NAME_BASE = "@rpath";
				FRAMEWORK_VERSION = A;
				GCC_NO_COMMON_BLOCKS = YES;
				INFOPLIST_FILE = "FFFoundation Mac/Info.plist";
				INSTALL_PATH = "$(LOCAL_LIBRARY_DIR)/Frameworks";
				LD_RUNPATH_SEARCH_PATHS = "$(inherited) @executable_path/../Frameworks @loader_path/Frameworks";
				MACOSX_DEPLOYMENT_TARGET = 10.10;
				PRODUCT_BUNDLE_IDENTIFIER = "net.ffried.$(PRODUCT_NAME:rfc1034identifier)";
				SDKROOT = macosx;
				SKIP_INSTALL = YES;
				SWIFT_OPTIMIZATION_LEVEL = "-Owholemodule";
				SWIFT_VERSION = 3.0;
			};
			name = Release;
		};
		07FF5E3B1A3761D1006928A9 /* Debug */ = {
			isa = XCBuildConfiguration;
			buildSettings = {
				ALWAYS_SEARCH_USER_PATHS = NO;
				CLANG_CXX_LANGUAGE_STANDARD = "gnu++0x";
				CLANG_CXX_LIBRARY = "libc++";
				CLANG_ENABLE_MODULES = YES;
				CLANG_ENABLE_OBJC_ARC = YES;
				CLANG_WARN_BOOL_CONVERSION = YES;
				CLANG_WARN_CONSTANT_CONVERSION = YES;
				CLANG_WARN_DIRECT_OBJC_ISA_USAGE = YES_ERROR;
				CLANG_WARN_EMPTY_BODY = YES;
				CLANG_WARN_ENUM_CONVERSION = YES;
				CLANG_WARN_INFINITE_RECURSION = YES;
				CLANG_WARN_INT_CONVERSION = YES;
				CLANG_WARN_OBJC_ROOT_CLASS = YES_ERROR;
				CLANG_WARN_SUSPICIOUS_MOVE = YES;
				CLANG_WARN_UNREACHABLE_CODE = YES;
				CLANG_WARN__DUPLICATE_METHOD_MATCH = YES;
				CODE_SIGN_IDENTITY = "iPhone Developer";
				COPY_PHASE_STRIP = NO;
				CURRENT_PROJECT_VERSION = 1;
				ENABLE_STRICT_OBJC_MSGSEND = YES;
				ENABLE_TESTABILITY = YES;
				FRAMEWORK_NAME = FFFoundation;
				GCC_C_LANGUAGE_STANDARD = gnu99;
				GCC_DYNAMIC_NO_PIC = NO;
				GCC_NO_COMMON_BLOCKS = YES;
				GCC_OPTIMIZATION_LEVEL = 0;
				GCC_PREPROCESSOR_DEFINITIONS = (
					"DEBUG=1",
					"$(inherited)",
				);
				GCC_SYMBOLS_PRIVATE_EXTERN = NO;
				GCC_WARN_64_TO_32_BIT_CONVERSION = YES;
				GCC_WARN_ABOUT_RETURN_TYPE = YES_ERROR;
				GCC_WARN_UNDECLARED_SELECTOR = YES;
				GCC_WARN_UNINITIALIZED_AUTOS = YES_AGGRESSIVE;
				GCC_WARN_UNUSED_FUNCTION = YES;
				GCC_WARN_UNUSED_VARIABLE = YES;
				IPHONEOS_DEPLOYMENT_TARGET = 8.0;
				MTL_ENABLE_DEBUG_INFO = YES;
				ONLY_ACTIVE_ARCH = YES;
				PRODUCT_NAME = "$(FRAMEWORK_NAME)";
				SDKROOT = iphoneos;
				SWIFT_OPTIMIZATION_LEVEL = "-Onone";
				TARGETED_DEVICE_FAMILY = "1,2";
				VERSIONING_SYSTEM = "apple-generic";
				VERSION_INFO_PREFIX = "";
			};
			name = Debug;
		};
		07FF5E3C1A3761D1006928A9 /* Release */ = {
			isa = XCBuildConfiguration;
			buildSettings = {
				ALWAYS_SEARCH_USER_PATHS = NO;
				CLANG_CXX_LANGUAGE_STANDARD = "gnu++0x";
				CLANG_CXX_LIBRARY = "libc++";
				CLANG_ENABLE_MODULES = YES;
				CLANG_ENABLE_OBJC_ARC = YES;
				CLANG_WARN_BOOL_CONVERSION = YES;
				CLANG_WARN_CONSTANT_CONVERSION = YES;
				CLANG_WARN_DIRECT_OBJC_ISA_USAGE = YES_ERROR;
				CLANG_WARN_EMPTY_BODY = YES;
				CLANG_WARN_ENUM_CONVERSION = YES;
				CLANG_WARN_INFINITE_RECURSION = YES;
				CLANG_WARN_INT_CONVERSION = YES;
				CLANG_WARN_OBJC_ROOT_CLASS = YES_ERROR;
				CLANG_WARN_SUSPICIOUS_MOVE = YES;
				CLANG_WARN_UNREACHABLE_CODE = YES;
				CLANG_WARN__DUPLICATE_METHOD_MATCH = YES;
				CODE_SIGN_IDENTITY = "iPhone Distribution";
				COPY_PHASE_STRIP = NO;
				CURRENT_PROJECT_VERSION = 1;
				ENABLE_NS_ASSERTIONS = NO;
				ENABLE_STRICT_OBJC_MSGSEND = YES;
				FRAMEWORK_NAME = FFFoundation;
				GCC_C_LANGUAGE_STANDARD = gnu99;
				GCC_NO_COMMON_BLOCKS = YES;
				GCC_WARN_64_TO_32_BIT_CONVERSION = YES;
				GCC_WARN_ABOUT_RETURN_TYPE = YES_ERROR;
				GCC_WARN_UNDECLARED_SELECTOR = YES;
				GCC_WARN_UNINITIALIZED_AUTOS = YES_AGGRESSIVE;
				GCC_WARN_UNUSED_FUNCTION = YES;
				GCC_WARN_UNUSED_VARIABLE = YES;
				IPHONEOS_DEPLOYMENT_TARGET = 8.0;
				MTL_ENABLE_DEBUG_INFO = NO;
				PRODUCT_NAME = "$(FRAMEWORK_NAME)";
				SDKROOT = iphoneos;
				SWIFT_OPTIMIZATION_LEVEL = "-Owholemodule";
				TARGETED_DEVICE_FAMILY = "1,2";
				VALIDATE_PRODUCT = YES;
				VERSIONING_SYSTEM = "apple-generic";
				VERSION_INFO_PREFIX = "";
			};
			name = Release;
		};
		07FF5E3E1A3761D1006928A9 /* Debug */ = {
			isa = XCBuildConfiguration;
			buildSettings = {
				CLANG_ENABLE_MODULES = YES;
				"CODE_SIGN_IDENTITY[sdk=iphoneos*]" = "iPhone Developer";
				DEFINES_MODULE = YES;
				DEVELOPMENT_TEAM = "";
				DYLIB_COMPATIBILITY_VERSION = 1;
				DYLIB_CURRENT_VERSION = 1;
				DYLIB_INSTALL_NAME_BASE = "@rpath";
				INFOPLIST_FILE = "FFFoundation iOS/Info.plist";
				INSTALL_PATH = "$(LOCAL_LIBRARY_DIR)/Frameworks";
				LD_RUNPATH_SEARCH_PATHS = "$(inherited) @executable_path/Frameworks @loader_path/Frameworks";
				PRODUCT_BUNDLE_IDENTIFIER = "net.ffried.$(PRODUCT_NAME:rfc1034identifier)";
				SKIP_INSTALL = YES;
				SWIFT_OPTIMIZATION_LEVEL = "-Onone";
				SWIFT_VERSION = 3.0;
			};
			name = Debug;
		};
		07FF5E3F1A3761D1006928A9 /* Release */ = {
			isa = XCBuildConfiguration;
			buildSettings = {
				CLANG_ENABLE_MODULES = YES;
				"CODE_SIGN_IDENTITY[sdk=iphoneos*]" = "iPhone Developer";
				DEFINES_MODULE = YES;
				DEVELOPMENT_TEAM = "";
				DYLIB_COMPATIBILITY_VERSION = 1;
				DYLIB_CURRENT_VERSION = 1;
				DYLIB_INSTALL_NAME_BASE = "@rpath";
				INFOPLIST_FILE = "FFFoundation iOS/Info.plist";
				INSTALL_PATH = "$(LOCAL_LIBRARY_DIR)/Frameworks";
				LD_RUNPATH_SEARCH_PATHS = "$(inherited) @executable_path/Frameworks @loader_path/Frameworks";
				PRODUCT_BUNDLE_IDENTIFIER = "net.ffried.$(PRODUCT_NAME:rfc1034identifier)";
				SKIP_INSTALL = YES;
				SWIFT_OPTIMIZATION_LEVEL = "-Owholemodule";
				SWIFT_VERSION = 3.0;
			};
			name = Release;
		};
		07FF5E411A3761D1006928A9 /* Debug */ = {
			isa = XCBuildConfiguration;
			buildSettings = {
				CLANG_ENABLE_MODULES = YES;
				GCC_PREPROCESSOR_DEFINITIONS = (
					"DEBUG=1",
					"$(inherited)",
				);
				INFOPLIST_FILE = "FFFoundation iOS Tests/Info.plist";
				LD_RUNPATH_SEARCH_PATHS = "$(inherited) @executable_path/Frameworks @loader_path/Frameworks";
				PRODUCT_BUNDLE_IDENTIFIER = "net.ffried.$(PRODUCT_NAME:rfc1034identifier)";
				PRODUCT_NAME = "$(TARGET_NAME)";
				SWIFT_OPTIMIZATION_LEVEL = "-Onone";
				SWIFT_VERSION = 3.0;
			};
			name = Debug;
		};
		07FF5E421A3761D1006928A9 /* Release */ = {
			isa = XCBuildConfiguration;
			buildSettings = {
				CLANG_ENABLE_MODULES = YES;
				INFOPLIST_FILE = "FFFoundation iOS Tests/Info.plist";
				LD_RUNPATH_SEARCH_PATHS = "$(inherited) @executable_path/Frameworks @loader_path/Frameworks";
				PRODUCT_BUNDLE_IDENTIFIER = "net.ffried.$(PRODUCT_NAME:rfc1034identifier)";
				PRODUCT_NAME = "$(TARGET_NAME)";
				SWIFT_OPTIMIZATION_LEVEL = "-Owholemodule";
				SWIFT_VERSION = 3.0;
			};
			name = Release;
		};
/* End XCBuildConfiguration section */

/* Begin XCConfigurationList section */
		073518A21CFC2D1F001C05AA /* Build configuration list for PBXNativeTarget "FFFoundation OS X Tests" */ = {
			isa = XCConfigurationList;
			buildConfigurations = (
				073518A31CFC2D1F001C05AA /* Debug */,
				073518A41CFC2D1F001C05AA /* Release */,
			);
			defaultConfigurationIsVisible = 0;
			defaultConfigurationName = Release;
		};
		07D72E891CB53DFC006FDB41 /* Build configuration list for PBXNativeTarget "FFFoundation Mac" */ = {
			isa = XCConfigurationList;
			buildConfigurations = (
				07D72E871CB53DFC006FDB41 /* Debug */,
				07D72E881CB53DFC006FDB41 /* Release */,
			);
			defaultConfigurationIsVisible = 0;
			defaultConfigurationName = Release;
		};
		07FF5E211A3761D0006928A9 /* Build configuration list for PBXProject "FFFoundation" */ = {
			isa = XCConfigurationList;
			buildConfigurations = (
				07FF5E3B1A3761D1006928A9 /* Debug */,
				07FF5E3C1A3761D1006928A9 /* Release */,
			);
			defaultConfigurationIsVisible = 0;
			defaultConfigurationName = Release;
		};
		07FF5E3D1A3761D1006928A9 /* Build configuration list for PBXNativeTarget "FFFoundation iOS" */ = {
			isa = XCConfigurationList;
			buildConfigurations = (
				07FF5E3E1A3761D1006928A9 /* Debug */,
				07FF5E3F1A3761D1006928A9 /* Release */,
			);
			defaultConfigurationIsVisible = 0;
			defaultConfigurationName = Release;
		};
		07FF5E401A3761D1006928A9 /* Build configuration list for PBXNativeTarget "FFFoundation iOS Tests" */ = {
			isa = XCConfigurationList;
			buildConfigurations = (
				07FF5E411A3761D1006928A9 /* Debug */,
				07FF5E421A3761D1006928A9 /* Release */,
			);
			defaultConfigurationIsVisible = 0;
			defaultConfigurationName = Release;
		};
/* End XCConfigurationList section */
	};
	rootObject = 07FF5E1E1A3761D0006928A9 /* Project object */;
}
